
Microsoft Visual Studio Solution File, Format Version 12.00
# Visual Studio Version 17
VisualStudioVersion = 17.3.32825.248
MinimumVisualStudioVersion = 10.0.40219.1
Project("{8BC9CEB8-8B4A-11D0-8D11-00A0C91BC942}") = "PixelEngine2.0", "PixelEngine2.0\PixelEngine2.0.vcxproj", "{109DC1A1-D4FF-41AA-A291-86F4FF348F91}"
EndProject
Project("{8BC9CEB8-8B4A-11D0-8D11-00A0C91BC942}") = "CellularAutomata", "..\CellularAutomata\CellularAutomata.vcxproj", "{F6634F6D-2619-43DF-AA05-85685E3A1E96}"
EndProject
Global
	GlobalSection(SolutionConfigurationPlatforms) = preSolution
		Debug|x64 = Debug|x64
		Release|x64 = Release|x64
	EndGlobalSection
	GlobalSection(ProjectConfigurationPlatforms) = postSolution
		{109DC1A1-D4FF-41AA-A291-86F4FF348F91}.Debug|x64.ActiveCfg = Debug|x64
		{109DC1A1-D4FF-41AA-A291-86F4FF348F91}.Debug|x64.Build.0 = Debug|x64
		{109DC1A1-D4FF-41AA-A291-86F4FF348F91}.Release|x64.ActiveCfg = Release|x64
		{109DC1A1-D4FF-41AA-A291-86F4FF348F91}.Release|x64.Build.0 = Release|x64
		{F6634F6D-2619-43DF-AA05-85685E3A1E96}.Debug|x64.ActiveCfg = Debug|x64
		{F6634F6D-2619-43DF-AA05-85685E3A1E96}.Debug|x64.Build.0 = Debug|x64
		{F6634F6D-2619-43DF-AA05-85685E3A1E96}.Release|x64.ActiveCfg = Release|x64
		{F6634F6D-2619-43DF-AA05-85685E3A1E96}.Release|x64.Build.0 = Release|x64
	EndGlobalSection
	GlobalSection(SolutionProperties) = preSolution
		HideSolutionNode = FALSE
	EndGlobalSection
	GlobalSection(ExtensibilityGlobals) = postSolution
		SolutionGuid = {70856AA0-CA84-4044-9193-03BE7573414F}
	EndGlobalSection
EndGlobal
