<?xml version="1.0" encoding="utf-8"?>
<Project ToolsVersion="4.0" xmlns="http://schemas.microsoft.com/developer/msbuild/2003">
  <ItemGroup>
    <Filter Include="pch">
      <UniqueIdentifier>{87c6bc76-39c8-44ad-a178-ecf8b46a9610}</UniqueIdentifier>
    </Filter>
    <Filter Include="Materials">
      <UniqueIdentifier>{0e2bff60-ac78-4127-a5ef-338555beeb5e}</UniqueIdentifier>
    </Filter>
    <Filter Include="Game">
      <UniqueIdentifier>{7a2c64e1-9ebf-49b6-ba61-4df9dad76189}</UniqueIdentifier>
    </Filter>
    <Filter Include="Game\src">
      <UniqueIdentifier>{4FC737F1-C7A5-4376-A066-2A32D752A2FF}</UniqueIdentifier>
      <Extensions>cpp;c;cc;cxx;c++;cppm;ixx;def;odl;idl;hpj;bat;asm;asmx</Extensions>
    </Filter>
    <Filter Include="Game\include">
      <UniqueIdentifier>{93995380-89BD-4b04-88EB-625FBE52EBFB}</UniqueIdentifier>
      <Extensions>h;hh;hpp;hxx;h++;hm;inl;inc;ipp;xsd</Extensions>
    </Filter>
    <Filter Include="Vfx">
      <UniqueIdentifier>{f294f8d0-609a-49e5-b6f1-0389e9098d22}</UniqueIdentifier>
    </Filter>
    <Filter Include="Vfx\Include">
      <UniqueIdentifier>{022bfa6d-f475-4dce-b5df-31a4e0e0a93d}</UniqueIdentifier>
    </Filter>
    <Filter Include="Vfx\src">
      <UniqueIdentifier>{8ec55026-9397-4c8e-87e6-367a6b778564}</UniqueIdentifier>
    </Filter>
    <Filter Include="Materials\src">
      <UniqueIdentifier>{8fae4551-7ae8-4306-a5ee-82c22c9a527b}</UniqueIdentifier>
    </Filter>
    <Filter Include="Materials\include">
      <UniqueIdentifier>{e2d74566-44ac-41bd-9eaa-d804b6e27f57}</UniqueIdentifier>
    </Filter>
  </ItemGroup>
  <ItemGroup>
    <ClInclude Include="RenderWindow.hpp">
      <Filter>Game\include</Filter>
    </ClInclude>
    <ClInclude Include="stdafx.h">
      <Filter>pch</Filter>
    </ClInclude>
    <ClInclude Include="Entity.hpp">
      <Filter>Game\include</Filter>
    </ClInclude>
    <ClInclude Include="Math.hpp">
      <Filter>Game\include</Filter>
    </ClInclude>
    <ClInclude Include="Utils.hpp">
      <Filter>Game\include</Filter>
    </ClInclude>
    <ClInclude Include="Texture.hpp">
      <Filter>Vfx\Include</Filter>
    </ClInclude>
    <ClInclude Include="Shaders.h">
      <Filter>Vfx\Include</Filter>
    </ClInclude>
    <ClInclude Include="Drawing.hpp">
      <Filter>Vfx\Include</Filter>
    </ClInclude>
    <ClInclude Include="Material.hpp">
      <Filter>Materials\include</Filter>
    </ClInclude>
    <ClInclude Include="MaterialInstance.hpp">
      <Filter>Materials\include</Filter>
    </ClInclude>
    <ClInclude Include="Tiles.hpp">
      <Filter>Materials\include</Filter>
    </ClInclude>
  </ItemGroup>
  <ItemGroup>
    <ClCompile Include="RenderWindow.cpp">
      <Filter>Game\src</Filter>
    </ClCompile>
    <ClCompile Include="stdafx.cpp">
      <Filter>pch</Filter>
    </ClCompile>
    <ClCompile Include="Entity.cpp">
      <Filter>Game\src</Filter>
    </ClCompile>
    <ClCompile Include="Math.cpp">
      <Filter>Game\src</Filter>
    </ClCompile>
    <ClCompile Include="Utils.cpp">
      <Filter>Game\src</Filter>
    </ClCompile>
    <ClCompile Include="main.cpp">
      <Filter>Game</Filter>
    </ClCompile>
    <ClCompile Include="Texture.cpp">
      <Filter>Vfx\src</Filter>
    </ClCompile>
    <ClCompile Include="Drawing.cpp">
      <Filter>Vfx\src</Filter>
    </ClCompile>
    <ClCompile Include="Material.cpp">
      <Filter>Materials\src</Filter>
    </ClCompile>
    <ClCompile Include="MaterialInstance.cpp">
      <Filter>Materials\src</Filter>
    </ClCompile>
    <ClCompile Include="Tiles.cpp">
      <Filter>Materials\src</Filter>
    </ClCompile>
  </ItemGroup>
</Project>